
Microsoft Visual Studio Solution File, Format Version 12.00
# Visual Studio 15
VisualStudioVersion = 15.0.28307.329
MinimumVisualStudioVersion = 10.0.40219.1
Project("{FAE04EC0-301F-11D3-BF4B-00C04F79EFBC}") = "Assignment3", "Assignment3\Assignment3.csproj", "{8E494DEC-2D35-4405-9380-07A6A1C7895F}"
EndProject
Global
	GlobalSection(SolutionConfigurationPlatforms) = preSolution
		Debug|Any CPU = Debug|Any CPU
		Release|Any CPU = Release|Any CPU
	EndGlobalSection
	GlobalSection(ProjectConfigurationPlatforms) = postSolution
		{8E494DEC-2D35-4405-9380-07A6A1C7895F}.Debug|Any CPU.ActiveCfg = Debug|Any CPU
		{8E494DEC-2D35-4405-9380-07A6A1C7895F}.Debug|Any CPU.Build.0 = Debug|Any CPU
		{8E494DEC-2D35-4405-9380-07A6A1C7895F}.Release|Any CPU.ActiveCfg = Release|Any CPU
		{8E494DEC-2D35-4405-9380-07A6A1C7895F}.Release|Any CPU.Build.0 = Release|Any CPU
	EndGlobalSection
	GlobalSection(SolutionProperties) = preSolution
		HideSolutionNode = FALSE
	EndGlobalSection
	GlobalSection(ExtensibilityGlobals) = postSolution
		SolutionGuid = {E40A448A-FB9D-44AD-A078-3B3DFD260B4E}
	EndGlobalSection
EndGlobal
